// !$*UTF8*$!
{
	archiveVersion = 1;
	classes = {
	};
	objectVersion = 55;
	objects = {

/* Begin PBXBuildFile section */
		72EFA9062A330B577FCD4155 /* Pods_PhotoProject.framework in Frameworks */ = {isa = PBXBuildFile; fileRef = ABE5D019535DA4C65F38B2F6 /* Pods_PhotoProject.framework */; };
		A22B9A25281D6A1400FC5357 /* AppDelegate.swift in Sources */ = {isa = PBXBuildFile; fileRef = A22B9A24281D6A1400FC5357 /* AppDelegate.swift */; };
		A22B9A27281D6A1400FC5357 /* SceneDelegate.swift in Sources */ = {isa = PBXBuildFile; fileRef = A22B9A26281D6A1400FC5357 /* SceneDelegate.swift */; };
		A22B9A29281D6A1400FC5357 /* ViewController.swift in Sources */ = {isa = PBXBuildFile; fileRef = A22B9A28281D6A1400FC5357 /* ViewController.swift */; };
		A22B9A2C281D6A1400FC5357 /* Main.storyboard in Resources */ = {isa = PBXBuildFile; fileRef = A22B9A2A281D6A1400FC5357 /* Main.storyboard */; };
		A22B9A2E281D6A1600FC5357 /* Assets.xcassets in Resources */ = {isa = PBXBuildFile; fileRef = A22B9A2D281D6A1600FC5357 /* Assets.xcassets */; };
		A22B9A31281D6A1600FC5357 /* LaunchScreen.storyboard in Resources */ = {isa = PBXBuildFile; fileRef = A22B9A2F281D6A1600FC5357 /* LaunchScreen.storyboard */; };
		A22B9A3C281D727100FC5357 /* GoogleService-Info.plist in Resources */ = {isa = PBXBuildFile; fileRef = A22B9A3B281D727100FC5357 /* GoogleService-Info.plist */; };
		A27BA377281D7E25000F8D6A /* RegisterVC.storyboard in Resources */ = {isa = PBXBuildFile; fileRef = A27BA376281D7E25000F8D6A /* RegisterVC.storyboard */; };
		A27BA379281D7E45000F8D6A /* RegisterVC.swift in Sources */ = {isa = PBXBuildFile; fileRef = A27BA378281D7E45000F8D6A /* RegisterVC.swift */; };
/* End PBXBuildFile section */

/* Begin PBXFileReference section */
		8285E73189CFF510187D1DD0 /* Pods-PhotoProject.release.xcconfig */ = {isa = PBXFileReference; includeInIndex = 1; lastKnownFileType = text.xcconfig; name = "Pods-PhotoProject.release.xcconfig"; path = "Target Support Files/Pods-PhotoProject/Pods-PhotoProject.release.xcconfig"; sourceTree = "<group>"; };
		A22B9A21281D6A1400FC5357 /* PhotoProject.app */ = {isa = PBXFileReference; explicitFileType = wrapper.application; includeInIndex = 0; path = PhotoProject.app; sourceTree = BUILT_PRODUCTS_DIR; };
		A22B9A24281D6A1400FC5357 /* AppDelegate.swift */ = {isa = PBXFileReference; lastKnownFileType = sourcecode.swift; path = AppDelegate.swift; sourceTree = "<group>"; };
		A22B9A26281D6A1400FC5357 /* SceneDelegate.swift */ = {isa = PBXFileReference; lastKnownFileType = sourcecode.swift; path = SceneDelegate.swift; sourceTree = "<group>"; };
		A22B9A28281D6A1400FC5357 /* ViewController.swift */ = {isa = PBXFileReference; lastKnownFileType = sourcecode.swift; path = ViewController.swift; sourceTree = "<group>"; };
		A22B9A2B281D6A1400FC5357 /* Base */ = {isa = PBXFileReference; lastKnownFileType = file.storyboard; name = Base; path = Base.lproj/Main.storyboard; sourceTree = "<group>"; };
		A22B9A2D281D6A1600FC5357 /* Assets.xcassets */ = {isa = PBXFileReference; lastKnownFileType = folder.assetcatalog; path = Assets.xcassets; sourceTree = "<group>"; };
		A22B9A30281D6A1600FC5357 /* Base */ = {isa = PBXFileReference; lastKnownFileType = file.storyboard; name = Base; path = Base.lproj/LaunchScreen.storyboard; sourceTree = "<group>"; };
		A22B9A32281D6A1600FC5357 /* Info.plist */ = {isa = PBXFileReference; lastKnownFileType = text.plist.xml; path = Info.plist; sourceTree = "<group>"; };
		A22B9A3B281D727100FC5357 /* GoogleService-Info.plist */ = {isa = PBXFileReference; fileEncoding = 4; lastKnownFileType = text.plist.xml; path = "GoogleService-Info.plist"; sourceTree = "<group>"; };
		A27BA376281D7E25000F8D6A /* RegisterVC.storyboard */ = {isa = PBXFileReference; lastKnownFileType = file.storyboard; path = RegisterVC.storyboard; sourceTree = "<group>"; };
		A27BA378281D7E45000F8D6A /* RegisterVC.swift */ = {isa = PBXFileReference; lastKnownFileType = sourcecode.swift; path = RegisterVC.swift; sourceTree = "<group>"; };
		A3541598C4442B89A3665A3C /* Pods-PhotoProject.debug.xcconfig */ = {isa = PBXFileReference; includeInIndex = 1; lastKnownFileType = text.xcconfig; name = "Pods-PhotoProject.debug.xcconfig"; path = "Target Support Files/Pods-PhotoProject/Pods-PhotoProject.debug.xcconfig"; sourceTree = "<group>"; };
		ABE5D019535DA4C65F38B2F6 /* Pods_PhotoProject.framework */ = {isa = PBXFileReference; explicitFileType = wrapper.framework; includeInIndex = 0; path = Pods_PhotoProject.framework; sourceTree = BUILT_PRODUCTS_DIR; };
/* End PBXFileReference section */

/* Begin PBXFrameworksBuildPhase section */
		A22B9A1E281D6A1400FC5357 /* Frameworks */ = {
			isa = PBXFrameworksBuildPhase;
			buildActionMask = 2147483647;
			files = (
				72EFA9062A330B577FCD4155 /* Pods_PhotoProject.framework in Frameworks */,
			);
			runOnlyForDeploymentPostprocessing = 0;
		};
/* End PBXFrameworksBuildPhase section */

/* Begin PBXGroup section */
		0DBE5E61AB62BEFB05AB799E /* Pods */ = {
			isa = PBXGroup;
			children = (
				A3541598C4442B89A3665A3C /* Pods-PhotoProject.debug.xcconfig */,
				8285E73189CFF510187D1DD0 /* Pods-PhotoProject.release.xcconfig */,
			);
			path = Pods;
			sourceTree = "<group>";
		};
		A22B9A18281D6A1400FC5357 = {
			isa = PBXGroup;
			children = (
				A22B9A23281D6A1400FC5357 /* PhotoProject */,
				A22B9A22281D6A1400FC5357 /* Products */,
				0DBE5E61AB62BEFB05AB799E /* Pods */,
				D66CD380314BA61270249BBA /* Frameworks */,
			);
			sourceTree = "<group>";
		};
		A22B9A22281D6A1400FC5357 /* Products */ = {
			isa = PBXGroup;
			children = (
				A22B9A21281D6A1400FC5357 /* PhotoProject.app */,
			);
			name = Products;
			sourceTree = "<group>";
		};
		A22B9A23281D6A1400FC5357 /* PhotoProject */ = {
			isa = PBXGroup;
			children = (
				A22B9A3A281D6F4000FC5357 /* Controller */,
				A22B9A39281D6F3A00FC5357 /* View */,
				A22B9A38281D6F3100FC5357 /* Model */,
				A22B9A24281D6A1400FC5357 /* AppDelegate.swift */,
				A22B9A26281D6A1400FC5357 /* SceneDelegate.swift */,
				A22B9A2D281D6A1600FC5357 /* Assets.xcassets */,
				A22B9A2F281D6A1600FC5357 /* LaunchScreen.storyboard */,
				A22B9A32281D6A1600FC5357 /* Info.plist */,
				A22B9A3B281D727100FC5357 /* GoogleService-Info.plist */,
			);
			path = PhotoProject;
			sourceTree = "<group>";
		};
		A22B9A38281D6F3100FC5357 /* Model */ = {
			isa = PBXGroup;
			children = (
			);
			path = Model;
			sourceTree = "<group>";
		};
		A22B9A39281D6F3A00FC5357 /* View */ = {
			isa = PBXGroup;
			children = (
				A22B9A2A281D6A1400FC5357 /* Main.storyboard */,
				A27BA376281D7E25000F8D6A /* RegisterVC.storyboard */,
			);
			path = View;
			sourceTree = "<group>";
		};
		A22B9A3A281D6F4000FC5357 /* Controller */ = {
			isa = PBXGroup;
			children = (
				A22B9A28281D6A1400FC5357 /* ViewController.swift */,
				A27BA378281D7E45000F8D6A /* RegisterVC.swift */,
			);
			path = Controller;
			sourceTree = "<group>";
		};
		D66CD380314BA61270249BBA /* Frameworks */ = {
			isa = PBXGroup;
			children = (
				ABE5D019535DA4C65F38B2F6 /* Pods_PhotoProject.framework */,
			);
			name = Frameworks;
			sourceTree = "<group>";
		};
/* End PBXGroup section */

/* Begin PBXNativeTarget section */
		A22B9A20281D6A1400FC5357 /* PhotoProject */ = {
			isa = PBXNativeTarget;
			buildConfigurationList = A22B9A35281D6A1600FC5357 /* Build configuration list for PBXNativeTarget "PhotoProject" */;
			buildPhases = (
				390E9E8ADC50B7B6DF9A050C /* [CP] Check Pods Manifest.lock */,
				A22B9A1D281D6A1400FC5357 /* Sources */,
				A22B9A1E281D6A1400FC5357 /* Frameworks */,
				A22B9A1F281D6A1400FC5357 /* Resources */,
				EB5BD752F1A12C83F65130A9 /* [CP] Embed Pods Frameworks */,
			);
			buildRules = (
			);
			dependencies = (
			);
			name = PhotoProject;
			productName = PhotoProject;
			productReference = A22B9A21281D6A1400FC5357 /* PhotoProject.app */;
			productType = "com.apple.product-type.application";
		};
/* End PBXNativeTarget section */

/* Begin PBXProject section */
		A22B9A19281D6A1400FC5357 /* Project object */ = {
			isa = PBXProject;
			attributes = {
				BuildIndependentTargetsInParallel = 1;
				LastSwiftUpdateCheck = 1330;
				LastUpgradeCheck = 1330;
				TargetAttributes = {
					A22B9A20281D6A1400FC5357 = {
						CreatedOnToolsVersion = 13.3.1;
					};
				};
			};
			buildConfigurationList = A22B9A1C281D6A1400FC5357 /* Build configuration list for PBXProject "PhotoProject" */;
			compatibilityVersion = "Xcode 13.0";
			developmentRegion = en;
			hasScannedForEncodings = 0;
			knownRegions = (
				en,
				Base,
			);
			mainGroup = A22B9A18281D6A1400FC5357;
			productRefGroup = A22B9A22281D6A1400FC5357 /* Products */;
			projectDirPath = "";
			projectRoot = "";
			targets = (
				A22B9A20281D6A1400FC5357 /* PhotoProject */,
			);
		};
/* End PBXProject section */

/* Begin PBXResourcesBuildPhase section */
		A22B9A1F281D6A1400FC5357 /* Resources */ = {
			isa = PBXResourcesBuildPhase;
			buildActionMask = 2147483647;
			files = (
				A22B9A31281D6A1600FC5357 /* LaunchScreen.storyboard in Resources */,
				A22B9A2E281D6A1600FC5357 /* Assets.xcassets in Resources */,
				A22B9A2C281D6A1400FC5357 /* Main.storyboard in Resources */,
				A22B9A3C281D727100FC5357 /* GoogleService-Info.plist in Resources */,
				A27BA377281D7E25000F8D6A /* RegisterVC.storyboard in Resources */,
			);
			runOnlyForDeploymentPostprocessing = 0;
		};
/* End PBXResourcesBuildPhase section */

/* Begin PBXShellScriptBuildPhase section */
		390E9E8ADC50B7B6DF9A050C /* [CP] Check Pods Manifest.lock */ = {
			isa = PBXShellScriptBuildPhase;
			buildActionMask = 2147483647;
			files = (
			);
			inputFileListPaths = (
			);
			inputPaths = (
				"${PODS_PODFILE_DIR_PATH}/Podfile.lock",
				"${PODS_ROOT}/Manifest.lock",
			);
			name = "[CP] Check Pods Manifest.lock";
			outputFileListPaths = (
			);
			outputPaths = (
				"$(DERIVED_FILE_DIR)/Pods-PhotoProject-checkManifestLockResult.txt",
			);
			runOnlyForDeploymentPostprocessing = 0;
			shellPath = /bin/sh;
			shellScript = "diff \"${PODS_PODFILE_DIR_PATH}/Podfile.lock\" \"${PODS_ROOT}/Manifest.lock\" > /dev/null\nif [ $? != 0 ] ; then\n    # print error to STDERR\n    echo \"error: The sandbox is not in sync with the Podfile.lock. Run 'pod install' or update your CocoaPods installation.\" >&2\n    exit 1\nfi\n# This output is used by Xcode 'outputs' to avoid re-running this script phase.\necho \"SUCCESS\" > \"${SCRIPT_OUTPUT_FILE_0}\"\n";
			showEnvVarsInLog = 0;
		};
		EB5BD752F1A12C83F65130A9 /* [CP] Embed Pods Frameworks */ = {
			isa = PBXShellScriptBuildPhase;
			buildActionMask = 2147483647;
			files = (
			);
			inputFileListPaths = (
				"${PODS_ROOT}/Target Support Files/Pods-PhotoProject/Pods-PhotoProject-frameworks-${CONFIGURATION}-input-files.xcfilelist",
			);
			name = "[CP] Embed Pods Frameworks";
			outputFileListPaths = (
				"${PODS_ROOT}/Target Support Files/Pods-PhotoProject/Pods-PhotoProject-frameworks-${CONFIGURATION}-output-files.xcfilelist",
			);
			runOnlyForDeploymentPostprocessing = 0;
			shellPath = /bin/sh;
			shellScript = "\"${PODS_ROOT}/Target Support Files/Pods-PhotoProject/Pods-PhotoProject-frameworks.sh\"\n";
			showEnvVarsInLog = 0;
		};
/* End PBXShellScriptBuildPhase section */

/* Begin PBXSourcesBuildPhase section */
		A22B9A1D281D6A1400FC5357 /* Sources */ = {
			isa = PBXSourcesBuildPhase;
			buildActionMask = 2147483647;
			files = (
				A22B9A29281D6A1400FC5357 /* ViewController.swift in Sources */,
				A22B9A25281D6A1400FC5357 /* AppDelegate.swift in Sources */,
				A22B9A27281D6A1400FC5357 /* SceneDelegate.swift in Sources */,
				A27BA379281D7E45000F8D6A /* RegisterVC.swift in Sources */,
			);
			runOnlyForDeploymentPostprocessing = 0;
		};
/* End PBXSourcesBuildPhase section */

/* Begin PBXVariantGroup section */
		A22B9A2A281D6A1400FC5357 /* Main.storyboard */ = {
			isa = PBXVariantGroup;
			children = (
				A22B9A2B281D6A1400FC5357 /* Base */,
			);
			name = Main.storyboard;
			sourceTree = "<group>";
		};
		A22B9A2F281D6A1600FC5357 /* LaunchScreen.storyboard */ = {
			isa = PBXVariantGroup;
			children = (
				A22B9A30281D6A1600FC5357 /* Base */,
			);
			name = LaunchScreen.storyboard;
			sourceTree = "<group>";
		};
/* End PBXVariantGroup section */

/* Begin XCBuildConfiguration section */
		A22B9A33281D6A1600FC5357 /* Debug */ = {
			isa = XCBuildConfiguration;
			buildSettings = {
				ALWAYS_SEARCH_USER_PATHS = NO;
				CLANG_ANALYZER_NONNULL = YES;
				CLANG_ANALYZER_NUMBER_OBJECT_CONVERSION = YES_AGGRESSIVE;
				CLANG_CXX_LANGUAGE_STANDARD = "gnu++17";
				CLANG_ENABLE_MODULES = YES;
				CLANG_ENABLE_OBJC_ARC = YES;
				CLANG_ENABLE_OBJC_WEAK = YES;
				CLANG_WARN_BLOCK_CAPTURE_AUTORELEASING = YES;
				CLANG_WARN_BOOL_CONVERSION = YES;
				CLANG_WARN_COMMA = YES;
				CLANG_WARN_CONSTANT_CONVERSION = YES;
				CLANG_WARN_DEPRECATED_OBJC_IMPLEMENTATIONS = YES;
				CLANG_WARN_DIRECT_OBJC_ISA_USAGE = YES_ERROR;
				CLANG_WARN_DOCUMENTATION_COMMENTS = YES;
				CLANG_WARN_EMPTY_BODY = YES;
				CLANG_WARN_ENUM_CONVERSION = YES;
				CLANG_WARN_INFINITE_RECURSION = YES;
				CLANG_WARN_INT_CONVERSION = YES;
				CLANG_WARN_NON_LITERAL_NULL_CONVERSION = YES;
				CLANG_WARN_OBJC_IMPLICIT_RETAIN_SELF = YES;
				CLANG_WARN_OBJC_LITERAL_CONVERSION = YES;
				CLANG_WARN_OBJC_ROOT_CLASS = YES_ERROR;
				CLANG_WARN_QUOTED_INCLUDE_IN_FRAMEWORK_HEADER = YES;
				CLANG_WARN_RANGE_LOOP_ANALYSIS = YES;
				CLANG_WARN_STRICT_PROTOTYPES = YES;
				CLANG_WARN_SUSPICIOUS_MOVE = YES;
				CLANG_WARN_UNGUARDED_AVAILABILITY = YES_AGGRESSIVE;
				CLANG_WARN_UNREACHABLE_CODE = YES;
				CLANG_WARN__DUPLICATE_METHOD_MATCH = YES;
				COPY_PHASE_STRIP = NO;
				DEBUG_INFORMATION_FORMAT = dwarf;
				ENABLE_STRICT_OBJC_MSGSEND = YES;
				ENABLE_TESTABILITY = YES;
				GCC_C_LANGUAGE_STANDARD = gnu11;
				GCC_DYNAMIC_NO_PIC = NO;
				GCC_NO_COMMON_BLOCKS = YES;
				GCC_OPTIMIZATION_LEVEL = 0;
				GCC_PREPROCESSOR_DEFINITIONS = (
					"DEBUG=1",
					"$(inherited)",
				);
				GCC_WARN_64_TO_32_BIT_CONVERSION = YES;
				GCC_WARN_ABOUT_RETURN_TYPE = YES_ERROR;
				GCC_WARN_UNDECLARED_SELECTOR = YES;
				GCC_WARN_UNINITIALIZED_AUTOS = YES_AGGRESSIVE;
				GCC_WARN_UNUSED_FUNCTION = YES;
				GCC_WARN_UNUSED_VARIABLE = YES;
				IPHONEOS_DEPLOYMENT_TARGET = 15.4;
				MTL_ENABLE_DEBUG_INFO = INCLUDE_SOURCE;
				MTL_FAST_MATH = YES;
				ONLY_ACTIVE_ARCH = YES;
				SDKROOT = iphoneos;
				SWIFT_ACTIVE_COMPILATION_CONDITIONS = DEBUG;
				SWIFT_OPTIMIZATION_LEVEL = "-Onone";
			};
			name = Debug;
		};
		A22B9A34281D6A1600FC5357 /* Release */ = {
			isa = XCBuildConfiguration;
			buildSettings = {
				ALWAYS_SEARCH_USER_PATHS = NO;
				CLANG_ANALYZER_NONNULL = YES;
				CLANG_ANALYZER_NUMBER_OBJECT_CONVERSION = YES_AGGRESSIVE;
				CLANG_CXX_LANGUAGE_STANDARD = "gnu++17";
				CLANG_ENABLE_MODULES = YES;
				CLANG_ENABLE_OBJC_ARC = YES;
				CLANG_ENABLE_OBJC_WEAK = YES;
				CLANG_WARN_BLOCK_CAPTURE_AUTORELEASING = YES;
				CLANG_WARN_BOOL_CONVERSION = YES;
				CLANG_WARN_COMMA = YES;
				CLANG_WARN_CONSTANT_CONVERSION = YES;
				CLANG_WARN_DEPRECATED_OBJC_IMPLEMENTATIONS = YES;
				CLANG_WARN_DIRECT_OBJC_ISA_USAGE = YES_ERROR;
				CLANG_WARN_DOCUMENTATION_COMMENTS = YES;
				CLANG_WARN_EMPTY_BODY = YES;
				CLANG_WARN_ENUM_CONVERSION = YES;
				CLANG_WARN_INFINITE_RECURSION = YES;
				CLANG_WARN_INT_CONVERSION = YES;
				CLANG_WARN_NON_LITERAL_NULL_CONVERSION = YES;
				CLANG_WARN_OBJC_IMPLICIT_RETAIN_SELF = YES;
				CLANG_WARN_OBJC_LITERAL_CONVERSION = YES;
				CLANG_WARN_OBJC_ROOT_CLASS = YES_ERROR;
				CLANG_WARN_QUOTED_INCLUDE_IN_FRAMEWORK_HEADER = YES;
				CLANG_WARN_RANGE_LOOP_ANALYSIS = YES;
				CLANG_WARN_STRICT_PROTOTYPES = YES;
				CLANG_WARN_SUSPICIOUS_MOVE = YES;
				CLANG_WARN_UNGUARDED_AVAILABILITY = YES_AGGRESSIVE;
				CLANG_WARN_UNREACHABLE_CODE = YES;
				CLANG_WARN__DUPLICATE_METHOD_MATCH = YES;
				COPY_PHASE_STRIP = NO;
				DEBUG_INFORMATION_FORMAT = "dwarf-with-dsym";
				ENABLE_NS_ASSERTIONS = NO;
				ENABLE_STRICT_OBJC_MSGSEND = YES;
				GCC_C_LANGUAGE_STANDARD = gnu11;
				GCC_NO_COMMON_BLOCKS = YES;
				GCC_WARN_64_TO_32_BIT_CONVERSION = YES;
				GCC_WARN_ABOUT_RETURN_TYPE = YES_ERROR;
				GCC_WARN_UNDECLARED_SELECTOR = YES;
				GCC_WARN_UNINITIALIZED_AUTOS = YES_AGGRESSIVE;
				GCC_WARN_UNUSED_FUNCTION = YES;
				GCC_WARN_UNUSED_VARIABLE = YES;
				IPHONEOS_DEPLOYMENT_TARGET = 15.4;
				MTL_ENABLE_DEBUG_INFO = NO;
				MTL_FAST_MATH = YES;
				SDKROOT = iphoneos;
				SWIFT_COMPILATION_MODE = wholemodule;
				SWIFT_OPTIMIZATION_LEVEL = "-O";
				VALIDATE_PRODUCT = YES;
			};
			name = Release;
		};
		A22B9A36281D6A1600FC5357 /* Debug */ = {
			isa = XCBuildConfiguration;
			baseConfigurationReference = A3541598C4442B89A3665A3C /* Pods-PhotoProject.debug.xcconfig */;
			buildSettings = {
				ASSETCATALOG_COMPILER_APPICON_NAME = AppIcon;
				ASSETCATALOG_COMPILER_GLOBAL_ACCENT_COLOR_NAME = AccentColor;
				CODE_SIGN_STYLE = Automatic;
				CURRENT_PROJECT_VERSION = 1;
				GENERATE_INFOPLIST_FILE = YES;
				INFOPLIST_FILE = PhotoProject/Info.plist;
				INFOPLIST_KEY_UIApplicationSupportsIndirectInputEvents = YES;
				INFOPLIST_KEY_UILaunchStoryboardName = LaunchScreen;
				INFOPLIST_KEY_UIMainStoryboardFile = Main;
				INFOPLIST_KEY_UISupportedInterfaceOrientations = UIInterfaceOrientationPortrait;
				INFOPLIST_KEY_UISupportedInterfaceOrientations_iPad = "UIInterfaceOrientationPortrait UIInterfaceOrientationPortraitUpsideDown UIInterfaceOrientationLandscapeLeft UIInterfaceOrientationLandscapeRight";
				INFOPLIST_KEY_UISupportedInterfaceOrientations_iPhone = "UIInterfaceOrientationPortrait UIInterfaceOrientationLandscapeLeft UIInterfaceOrientationLandscapeRight";
				LD_RUNPATH_SEARCH_PATHS = (
					"$(inherited)",
					"@executable_path/Frameworks",
				);
				MARKETING_VERSION = 1.0;
				PRODUCT_BUNDLE_IDENTIFIER = ClaudioMattos.PhotoProject;
				PRODUCT_NAME = "$(TARGET_NAME)";
				SWIFT_EMIT_LOC_STRINGS = YES;
				SWIFT_VERSION = 5.0;
				TARGETED_DEVICE_FAMILY = 1;
			};
			name = Debug;
		};
		A22B9A37281D6A1600FC5357 /* Release */ = {
			isa = XCBuildConfiguration;
			baseConfigurationReference = 8285E73189CFF510187D1DD0 /* Pods-PhotoProject.release.xcconfig */;
			buildSettings = {
				ASSETCATALOG_COMPILER_APPICON_NAME = AppIcon;
				ASSETCATALOG_COMPILER_GLOBAL_ACCENT_COLOR_NAME = AccentColor;
				CODE_SIGN_STYLE = Automatic;
				CURRENT_PROJECT_VERSION = 1;
				GENERATE_INFOPLIST_FILE = YES;
				INFOPLIST_FILE = PhotoProject/Info.plist;
				INFOPLIST_KEY_UIApplicationSupportsIndirectInputEvents = YES;
				INFOPLIST_KEY_UILaunchStoryboardName = LaunchScreen;
				INFOPLIST_KEY_UIMainStoryboardFile = Main;
				INFOPLIST_KEY_UISupportedInterfaceOrientations = UIInterfaceOrientationPortrait;
				INFOPLIST_KEY_UISupportedInterfaceOrientations_iPad = "UIInterfaceOrientationPortrait UIInterfaceOrientationPortraitUpsideDown UIInterfaceOrientationLandscapeLeft UIInterfaceOrientationLandscapeRight";
				INFOPLIST_KEY_UISupportedInterfaceOrientations_iPhone = "UIInterfaceOrientationPortrait UIInterfaceOrientationLandscapeLeft UIInterfaceOrientationLandscapeRight";
				LD_RUNPATH_SEARCH_PATHS = (
					"$(inherited)",
					"@executable_path/Frameworks",
				);
				MARKETING_VERSION = 1.0;
				PRODUCT_BUNDLE_IDENTIFIER = ClaudioMattos.PhotoProject;
				PRODUCT_NAME = "$(TARGET_NAME)";
				SWIFT_EMIT_LOC_STRINGS = YES;
				SWIFT_VERSION = 5.0;
				TARGETED_DEVICE_FAMILY = 1;
			};
			name = Release;
		};
/* End XCBuildConfiguration section */

/* Begin XCConfigurationList section */
		A22B9A1C281D6A1400FC5357 /* Build configuration list for PBXProject "PhotoProject" */ = {
			isa = XCConfigurationList;
			buildConfigurations = (
				A22B9A33281D6A1600FC5357 /* Debug */,
				A22B9A34281D6A1600FC5357 /* Release */,
			);
			defaultConfigurationIsVisible = 0;
			defaultConfigurationName = Release;
		};
		A22B9A35281D6A1600FC5357 /* Build configuration list for PBXNativeTarget "PhotoProject" */ = {
			isa = XCConfigurationList;
			buildConfigurations = (
				A22B9A36281D6A1600FC5357 /* Debug */,
				A22B9A37281D6A1600FC5357 /* Release */,
			);
			defaultConfigurationIsVisible = 0;
			defaultConfigurationName = Release;
		};
/* End XCConfigurationList section */
	};
	rootObject = A22B9A19281D6A1400FC5357 /* Project object */;
}
